
Microsoft Visual Studio Solution File, Format Version 12.00
# Visual Studio Version 17
VisualStudioVersion = 17.13.35825.156 d17.13
MinimumVisualStudioVersion = 10.0.40219.1
Project("{8BC9CEB8-8B4A-11D0-8D11-00A0C91BC942}") = "Console_Shooting_Game", "Console_Shooting_Game\Console_Shooting_Game.vcxproj", "{BBBCDBA5-0C4D-40F3-91C5-C5C1682146DF}"
EndProject
Global
	GlobalSection(SolutionConfigurationPlatforms) = preSolution
		Debug|x64 = Debug|x64
		Debug|x86 = Debug|x86
		Release|x64 = Release|x64
		Release|x86 = Release|x86
	EndGlobalSection
	GlobalSection(ProjectConfigurationPlatforms) = postSolution
		{BBBCDBA5-0C4D-40F3-91C5-C5C1682146DF}.Debug|x64.ActiveCfg = Debug|x64
		{BBBCDBA5-0C4D-40F3-91C5-C5C1682146DF}.Debug|x64.Build.0 = Debug|x64
		{BBBCDBA5-0C4D-40F3-91C5-C5C1682146DF}.Debug|x86.ActiveCfg = Debug|Win32
		{BBBCDBA5-0C4D-40F3-91C5-C5C1682146DF}.Debug|x86.Build.0 = Debug|Win32
		{BBBCDBA5-0C4D-40F3-91C5-C5C1682146DF}.Release|x64.ActiveCfg = Release|x64
		{BBBCDBA5-0C4D-40F3-91C5-C5C1682146DF}.Release|x64.Build.0 = Release|x64
		{BBBCDBA5-0C4D-40F3-91C5-C5C1682146DF}.Release|x86.ActiveCfg = Release|Win32
		{BBBCDBA5-0C4D-40F3-91C5-C5C1682146DF}.Release|x86.Build.0 = Release|Win32
	EndGlobalSection
	GlobalSection(SolutionProperties) = preSolution
		HideSolutionNode = FALSE
	EndGlobalSection
	GlobalSection(ExtensibilityGlobals) = postSolution
		SolutionGuid = {2FAF08D5-31B6-4ECE-A8FB-DF6FF6318B9C}
	EndGlobalSection
EndGlobal
